
Microsoft Visual Studio Solution File, Format Version 12.00
# Visual Studio Version 16
VisualStudioVersion = 16.0.31005.135
MinimumVisualStudioVersion = 10.0.40219.1
Project("{FAE04EC0-301F-11D3-BF4B-00C04F79EFBC}") = "DecoratorPattern", "DecoratorPattern\DecoratorPattern.csproj", "{A48B5F13-702A-4A57-9603-0099D338F95F}"
EndProject
Global
	GlobalSection(SolutionConfigurationPlatforms) = preSolution
		Debug|Any CPU = Debug|Any CPU
		Release|Any CPU = Release|Any CPU
	EndGlobalSection
	GlobalSection(ProjectConfigurationPlatforms) = postSolution
		{A48B5F13-702A-4A57-9603-0099D338F95F}.Debug|Any CPU.ActiveCfg = Debug|Any CPU
		{A48B5F13-702A-4A57-9603-0099D338F95F}.Debug|Any CPU.Build.0 = Debug|Any CPU
		{A48B5F13-702A-4A57-9603-0099D338F95F}.Release|Any CPU.ActiveCfg = Release|Any CPU
		{A48B5F13-702A-4A57-9603-0099D338F95F}.Release|Any CPU.Build.0 = Release|Any CPU
	EndGlobalSection
	GlobalSection(SolutionProperties) = preSolution
		HideSolutionNode = FALSE
	EndGlobalSection
	GlobalSection(ExtensibilityGlobals) = postSolution
		SolutionGuid = {455794DF-F694-4083-9AFE-19BC72AD23BA}
	EndGlobalSection
EndGlobal
